
Microsoft Visual Studio Solution File, Format Version 12.00
# Visual Studio 15
VisualStudioVersion = 15.0.28307.1145
MinimumVisualStudioVersion = 10.0.40219.1
Project("{FAE04EC0-301F-11D3-BF4B-00C04F79EFBC}") = "HyparIrizer", "HyparIrizer\HyparIrizer.csproj", "{BB2DBF53-26D9-4CE2-AEB4-AFC4E892F89B}"
EndProject
Global
	GlobalSection(SolutionConfigurationPlatforms) = preSolution
		Debug|Any CPU = Debug|Any CPU
		Release|Any CPU = Release|Any CPU
	EndGlobalSection
	GlobalSection(ProjectConfigurationPlatforms) = postSolution
		{BB2DBF53-26D9-4CE2-AEB4-AFC4E892F89B}.Debug|Any CPU.ActiveCfg = Debug|Any CPU
		{BB2DBF53-26D9-4CE2-AEB4-AFC4E892F89B}.Debug|Any CPU.Build.0 = Debug|Any CPU
		{BB2DBF53-26D9-4CE2-AEB4-AFC4E892F89B}.Release|Any CPU.ActiveCfg = Release|Any CPU
		{BB2DBF53-26D9-4CE2-AEB4-AFC4E892F89B}.Release|Any CPU.Build.0 = Release|Any CPU
	EndGlobalSection
	GlobalSection(SolutionProperties) = preSolution
		HideSolutionNode = FALSE
	EndGlobalSection
	GlobalSection(ExtensibilityGlobals) = postSolution
		SolutionGuid = {B518CE4A-1E43-4328-A4DC-179A6341D63F}
	EndGlobalSection
EndGlobal
